// !$*UTF8*$!
{
	archiveVersion = 1;
	classes = {
	};
	objectVersion = 48;
	objects = {

/* Begin PBXBuildFile section */
		B941D4DA06629F17712A63A5 /* Pods_Election_App.framework in Frameworks */ = {isa = PBXBuildFile; fileRef = 744B4D21EFE7C205CBEA685E /* Pods_Election_App.framework */; };
		C311D39D20E1A39500F74AB1 /* AppDelegate.swift in Sources */ = {isa = PBXBuildFile; fileRef = C311D39C20E1A39500F74AB1 /* AppDelegate.swift */; };
		C311D39F20E1A39500F74AB1 /* ViewController.swift in Sources */ = {isa = PBXBuildFile; fileRef = C311D39E20E1A39500F74AB1 /* ViewController.swift */; };
		C311D3A220E1A39500F74AB1 /* Main.storyboard in Resources */ = {isa = PBXBuildFile; fileRef = C311D3A020E1A39500F74AB1 /* Main.storyboard */; };
		C311D3A720E1A39500F74AB1 /* LaunchScreen.storyboard in Resources */ = {isa = PBXBuildFile; fileRef = C311D3A520E1A39500F74AB1 /* LaunchScreen.storyboard */; };
		C311D3AF20E1A39500F74AB1 /* GoogleService-Info.plist in Resources */ = {isa = PBXBuildFile; fileRef = C311D3AE20E1A39500F74AB1 /* GoogleService-Info.plist */; };
		C311D3D120E1A39500F74AB1 /* National Assembly.txt in Resources */ = {isa = PBXBuildFile; fileRef = C311D3CB20E1A39500F74AB1 /* National Assembly.txt */; };
		C311D3D220E1A39500F74AB1 /* NA - Addresses.txt in Resources */ = {isa = PBXBuildFile; fileRef = C311D3CC20E1A39500F74AB1 /* NA - Addresses.txt */; };
		C311D3D320E1A39500F74AB1 /* PK.txt in Resources */ = {isa = PBXBuildFile; fileRef = C311D3CD20E1A39500F74AB1 /* PK.txt */; };
		C311D3D420E1A39500F74AB1 /* PS.txt in Resources */ = {isa = PBXBuildFile; fileRef = C311D3CE20E1A39500F74AB1 /* PS.txt */; };
		C311D3D520E1A39500F74AB1 /* PP.txt in Resources */ = {isa = PBXBuildFile; fileRef = C311D3CF20E1A39500F74AB1 /* PP.txt */; };
		C311D3D620E1A39500F74AB1 /* PB.txt in Resources */ = {isa = PBXBuildFile; fileRef = C311D3D020E1A39500F74AB1 /* PB.txt */; };
		C33E315620E69F9E001331C7 /* GoogleDataProvider.swift in Sources */ = {isa = PBXBuildFile; fileRef = C33E315420E69F9E001331C7 /* GoogleDataProvider.swift */; };
		C33E315720E69F9E001331C7 /* GooglePlace.swift in Sources */ = {isa = PBXBuildFile; fileRef = C33E315520E69F9E001331C7 /* GooglePlace.swift */; };
		C33E315920E69FE6001331C7 /* PlaceMarker.swift in Sources */ = {isa = PBXBuildFile; fileRef = C33E315820E69FE6001331C7 /* PlaceMarker.swift */; };
		C33E315D20E6BFFD001331C7 /* Assets.xcassets in Resources */ = {isa = PBXBuildFile; fileRef = C33E315C20E6BFFD001331C7 /* Assets.xcassets */; };
		C33E683F20E80B9E002E23E6 /* PollingData.swift in Sources */ = {isa = PBXBuildFile; fileRef = C33E683E20E80B9E002E23E6 /* PollingData.swift */; };
		C33E684820E815B2002E23E6 /* Pakistan Tehreek-e-Insaf.jpg in Resources */ = {isa = PBXBuildFile; fileRef = C33E684120E815B1002E23E6 /* Pakistan Tehreek-e-Insaf.jpg */; };
		C33E684920E815B2002E23E6 /* Awami Jamhuri Ittehad Pakistan.jpg in Resources */ = {isa = PBXBuildFile; fileRef = C33E684220E815B1002E23E6 /* Awami Jamhuri Ittehad Pakistan.jpg */; };
		C33E684A20E815B2002E23E6 /* Pakistan Peoples Party Parliamentarians.jpg in Resources */ = {isa = PBXBuildFile; fileRef = C33E684320E815B1002E23E6 /* Pakistan Peoples Party Parliamentarians.jpg */; };
		C33E684B20E815B2002E23E6 /* Pakistan Muslim League (N).jpg in Resources */ = {isa = PBXBuildFile; fileRef = C33E684420E815B1002E23E6 /* Pakistan Muslim League (N).jpg */; };
		C33E684C20E815B2002E23E6 /* Pashtoonkhwa Milli Awami Party.jpg in Resources */ = {isa = PBXBuildFile; fileRef = C33E684520E815B1002E23E6 /* Pashtoonkhwa Milli Awami Party.jpg */; };
		C33E684D20E815B2002E23E6 /* Pakistan Muslim League (F).jpg in Resources */ = {isa = PBXBuildFile; fileRef = C33E684620E815B1002E23E6 /* Pakistan Muslim League (F).jpg */; };
		C33E685220E81825002E23E6 /* Jamiat Ulama-e-Islam (F).jpg in Resources */ = {isa = PBXBuildFile; fileRef = C33E684F20E81825002E23E6 /* Jamiat Ulama-e-Islam (F).jpg */; };
		C33E685320E81825002E23E6 /* Independent.jpg in Resources */ = {isa = PBXBuildFile; fileRef = C33E685020E81825002E23E6 /* Independent.jpg */; };
		C33E685420E81825002E23E6 /* Muttahida Qaumi Movement Pakistan.jpg in Resources */ = {isa = PBXBuildFile; fileRef = C33E685120E81825002E23E6 /* Muttahida Qaumi Movement Pakistan.jpg */; };
		C33E685720E81A56002E23E6 /* Pakistan Muslim League(Z).jpg in Resources */ = {isa = PBXBuildFile; fileRef = C33E685520E81A56002E23E6 /* Pakistan Muslim League(Z).jpg */; };
		C33E685820E81A56002E23E6 /* National Peoples Party.png in Resources */ = {isa = PBXBuildFile; fileRef = C33E685620E81A56002E23E6 /* National Peoples Party.png */; };
		C33E685A20E82CCE002E23E6 /* Awami Muslim League Pakistan.png in Resources */ = {isa = PBXBuildFile; fileRef = C33E685920E82CCE002E23E6 /* Awami Muslim League Pakistan.png */; };
		C33E686020E832E2002E23E6 /* buttonLeft.png in Resources */ = {isa = PBXBuildFile; fileRef = C33E685E20E832E2002E23E6 /* buttonLeft.png */; };
		C33E686120E832E2002E23E6 /* buttonRight.png in Resources */ = {isa = PBXBuildFile; fileRef = C33E685F20E832E2002E23E6 /* buttonRight.png */; };
		C3F5284B20E3DCD600FC9119 /* DetailViewController2.swift in Sources */ = {isa = PBXBuildFile; fileRef = C3F5284A20E3DCD600FC9119 /* DetailViewController2.swift */; };
/* End PBXBuildFile section */

/* Begin PBXFileReference section */
		1018A8700A068EFF2CFF02AB /* Pods-Election App.debug.xcconfig */ = {isa = PBXFileReference; includeInIndex = 1; lastKnownFileType = text.xcconfig; name = "Pods-Election App.debug.xcconfig"; path = "Pods/Target Support Files/Pods-Election App/Pods-Election App.debug.xcconfig"; sourceTree = "<group>"; };
		744B4D21EFE7C205CBEA685E /* Pods_Election_App.framework */ = {isa = PBXFileReference; explicitFileType = wrapper.framework; includeInIndex = 0; path = Pods_Election_App.framework; sourceTree = BUILT_PRODUCTS_DIR; };
		C311D39920E1A39500F74AB1 /* Election App.app */ = {isa = PBXFileReference; explicitFileType = wrapper.application; includeInIndex = 0; path = "Election App.app"; sourceTree = BUILT_PRODUCTS_DIR; };
		C311D39C20E1A39500F74AB1 /* AppDelegate.swift */ = {isa = PBXFileReference; lastKnownFileType = sourcecode.swift; path = AppDelegate.swift; sourceTree = "<group>"; };
		C311D39E20E1A39500F74AB1 /* ViewController.swift */ = {isa = PBXFileReference; lastKnownFileType = sourcecode.swift; path = ViewController.swift; sourceTree = "<group>"; };
		C311D3A120E1A39500F74AB1 /* Base */ = {isa = PBXFileReference; lastKnownFileType = file.storyboard; name = Base; path = Base.lproj/Main.storyboard; sourceTree = "<group>"; };
		C311D3A620E1A39500F74AB1 /* Base */ = {isa = PBXFileReference; lastKnownFileType = file.storyboard; name = Base; path = Base.lproj/LaunchScreen.storyboard; sourceTree = "<group>"; };
		C311D3A820E1A39500F74AB1 /* Info.plist */ = {isa = PBXFileReference; lastKnownFileType = text.plist.xml; path = Info.plist; sourceTree = "<group>"; };
		C311D3AE20E1A39500F74AB1 /* GoogleService-Info.plist */ = {isa = PBXFileReference; fileEncoding = 4; lastKnownFileType = text.plist.xml; path = "GoogleService-Info.plist"; sourceTree = "<group>"; };
		C311D3CB20E1A39500F74AB1 /* National Assembly.txt */ = {isa = PBXFileReference; fileEncoding = 4; lastKnownFileType = text; path = "National Assembly.txt"; sourceTree = "<group>"; };
		C311D3CC20E1A39500F74AB1 /* NA - Addresses.txt */ = {isa = PBXFileReference; fileEncoding = 4; lastKnownFileType = text; path = "NA - Addresses.txt"; sourceTree = "<group>"; };
		C311D3CD20E1A39500F74AB1 /* PK.txt */ = {isa = PBXFileReference; fileEncoding = 4; lastKnownFileType = text; path = PK.txt; sourceTree = "<group>"; };
		C311D3CE20E1A39500F74AB1 /* PS.txt */ = {isa = PBXFileReference; fileEncoding = 4; lastKnownFileType = text; path = PS.txt; sourceTree = "<group>"; };
		C311D3CF20E1A39500F74AB1 /* PP.txt */ = {isa = PBXFileReference; fileEncoding = 4; lastKnownFileType = text; path = PP.txt; sourceTree = "<group>"; };
		C311D3D020E1A39500F74AB1 /* PB.txt */ = {isa = PBXFileReference; fileEncoding = 4; lastKnownFileType = text; path = PB.txt; sourceTree = "<group>"; };
		C33E315420E69F9E001331C7 /* GoogleDataProvider.swift */ = {isa = PBXFileReference; fileEncoding = 4; lastKnownFileType = sourcecode.swift; path = GoogleDataProvider.swift; sourceTree = "<group>"; };
		C33E315520E69F9E001331C7 /* GooglePlace.swift */ = {isa = PBXFileReference; fileEncoding = 4; lastKnownFileType = sourcecode.swift; path = GooglePlace.swift; sourceTree = "<group>"; };
		C33E315820E69FE6001331C7 /* PlaceMarker.swift */ = {isa = PBXFileReference; fileEncoding = 4; lastKnownFileType = sourcecode.swift; name = PlaceMarker.swift; path = "Election App/PlaceMarker.swift"; sourceTree = SOURCE_ROOT; };
		C33E315C20E6BFFD001331C7 /* Assets.xcassets */ = {isa = PBXFileReference; lastKnownFileType = folder.assetcatalog; path = Assets.xcassets; sourceTree = "<group>"; };
		C33E683E20E80B9E002E23E6 /* PollingData.swift */ = {isa = PBXFileReference; lastKnownFileType = sourcecode.swift; path = PollingData.swift; sourceTree = "<group>"; };
		C33E684120E815B1002E23E6 /* Pakistan Tehreek-e-Insaf.jpg */ = {isa = PBXFileReference; lastKnownFileType = image.jpeg; path = "Pakistan Tehreek-e-Insaf.jpg"; sourceTree = "<group>"; };
		C33E684220E815B1002E23E6 /* Awami Jamhuri Ittehad Pakistan.jpg */ = {isa = PBXFileReference; lastKnownFileType = image.jpeg; path = "Awami Jamhuri Ittehad Pakistan.jpg"; sourceTree = "<group>"; };
		C33E684320E815B1002E23E6 /* Pakistan Peoples Party Parliamentarians.jpg */ = {isa = PBXFileReference; lastKnownFileType = image.jpeg; path = "Pakistan Peoples Party Parliamentarians.jpg"; sourceTree = "<group>"; };
		C33E684420E815B1002E23E6 /* Pakistan Muslim League (N).jpg */ = {isa = PBXFileReference; lastKnownFileType = image.jpeg; path = "Pakistan Muslim League (N).jpg"; sourceTree = "<group>"; };
		C33E684520E815B1002E23E6 /* Pashtoonkhwa Milli Awami Party.jpg */ = {isa = PBXFileReference; lastKnownFileType = image.jpeg; path = "Pashtoonkhwa Milli Awami Party.jpg"; sourceTree = "<group>"; };
		C33E684620E815B1002E23E6 /* Pakistan Muslim League (F).jpg */ = {isa = PBXFileReference; lastKnownFileType = image.jpeg; path = "Pakistan Muslim League (F).jpg"; sourceTree = "<group>"; };
		C33E684F20E81825002E23E6 /* Jamiat Ulama-e-Islam (F).jpg */ = {isa = PBXFileReference; lastKnownFileType = image.jpeg; path = "Jamiat Ulama-e-Islam (F).jpg"; sourceTree = "<group>"; };
		C33E685020E81825002E23E6 /* Independent.jpg */ = {isa = PBXFileReference; lastKnownFileType = image.jpeg; path = Independent.jpg; sourceTree = "<group>"; };
		C33E685120E81825002E23E6 /* Muttahida Qaumi Movement Pakistan.jpg */ = {isa = PBXFileReference; lastKnownFileType = image.jpeg; path = "Muttahida Qaumi Movement Pakistan.jpg"; sourceTree = "<group>"; };
		C33E685520E81A56002E23E6 /* Pakistan Muslim League(Z).jpg */ = {isa = PBXFileReference; lastKnownFileType = image.jpeg; path = "Pakistan Muslim League(Z).jpg"; sourceTree = "<group>"; };
		C33E685620E81A56002E23E6 /* National Peoples Party.png */ = {isa = PBXFileReference; lastKnownFileType = image.png; path = "National Peoples Party.png"; sourceTree = "<group>"; };
		C33E685920E82CCE002E23E6 /* Awami Muslim League Pakistan.png */ = {isa = PBXFileReference; lastKnownFileType = image.png; path = "Awami Muslim League Pakistan.png"; sourceTree = "<group>"; };
		C33E685E20E832E2002E23E6 /* buttonLeft.png */ = {isa = PBXFileReference; lastKnownFileType = image.png; path = buttonLeft.png; sourceTree = "<group>"; };
		C33E685F20E832E2002E23E6 /* buttonRight.png */ = {isa = PBXFileReference; lastKnownFileType = image.png; path = buttonRight.png; sourceTree = "<group>"; };
		C3F5284A20E3DCD600FC9119 /* DetailViewController2.swift */ = {isa = PBXFileReference; lastKnownFileType = sourcecode.swift; path = DetailViewController2.swift; sourceTree = "<group>"; };
		D0C442F6D899FA9DA2E53026 /* Pods-Election App.release.xcconfig */ = {isa = PBXFileReference; includeInIndex = 1; lastKnownFileType = text.xcconfig; name = "Pods-Election App.release.xcconfig"; path = "Pods/Target Support Files/Pods-Election App/Pods-Election App.release.xcconfig"; sourceTree = "<group>"; };
/* End PBXFileReference section */

/* Begin PBXFrameworksBuildPhase section */
		C311D39620E1A39500F74AB1 /* Frameworks */ = {
			isa = PBXFrameworksBuildPhase;
			buildActionMask = 2147483647;
			files = (
				B941D4DA06629F17712A63A5 /* Pods_Election_App.framework in Frameworks */,
			);
			runOnlyForDeploymentPostprocessing = 0;
		};
/* End PBXFrameworksBuildPhase section */

/* Begin PBXGroup section */
		483A83864E0886DFD038AAFB /* Frameworks */ = {
			isa = PBXGroup;
			children = (
				744B4D21EFE7C205CBEA685E /* Pods_Election_App.framework */,
			);
			name = Frameworks;
			sourceTree = "<group>";
		};
		A6D23AEAC553F29FF6F8679E /* Pods */ = {
			isa = PBXGroup;
			children = (
				1018A8700A068EFF2CFF02AB /* Pods-Election App.debug.xcconfig */,
				D0C442F6D899FA9DA2E53026 /* Pods-Election App.release.xcconfig */,
			);
			name = Pods;
			sourceTree = "<group>";
		};
		C311D39020E1A39500F74AB1 = {
			isa = PBXGroup;
			children = (
				C311D39B20E1A39500F74AB1 /* Election App */,
				C311D39A20E1A39500F74AB1 /* Products */,
				A6D23AEAC553F29FF6F8679E /* Pods */,
				483A83864E0886DFD038AAFB /* Frameworks */,
			);
			sourceTree = "<group>";
		};
		C311D39A20E1A39500F74AB1 /* Products */ = {
			isa = PBXGroup;
			children = (
				C311D39920E1A39500F74AB1 /* Election App.app */,
			);
			name = Products;
			sourceTree = "<group>";
		};
		C311D39B20E1A39500F74AB1 /* Election App */ = {
			isa = PBXGroup;
			children = (
				C33E315C20E6BFFD001331C7 /* Assets.xcassets */,
				C311D39C20E1A39500F74AB1 /* AppDelegate.swift */,
				C311D3A020E1A39500F74AB1 /* Main.storyboard */,
				C311D3A520E1A39500F74AB1 /* LaunchScreen.storyboard */,
				C3F72E1220E50A3C007D7F16 /* View Controllers */,
				C311D3BC20E1A39500F74AB1 /* Files */,
				C33E315320E69F9E001331C7 /* Model */,
				C33E684020E815B1002E23E6 /* Image */,
				C33E685B20E8319D002E23E6 /* UI */,
				C311D3AE20E1A39500F74AB1 /* GoogleService-Info.plist */,
				C311D3A820E1A39500F74AB1 /* Info.plist */,
			);
			path = "Election App";
			sourceTree = "<group>";
		};
		C311D3BC20E1A39500F74AB1 /* Files */ = {
			isa = PBXGroup;
			children = (
				C311D3CB20E1A39500F74AB1 /* National Assembly.txt */,
				C311D3D020E1A39500F74AB1 /* PB.txt */,
				C311D3CD20E1A39500F74AB1 /* PK.txt */,
				C311D3CF20E1A39500F74AB1 /* PP.txt */,
				C311D3CE20E1A39500F74AB1 /* PS.txt */,
				C311D3CC20E1A39500F74AB1 /* NA - Addresses.txt */,
			);
			path = Files;
			sourceTree = "<group>";
		};
		C33E315320E69F9E001331C7 /* Model */ = {
			isa = PBXGroup;
			children = (
				C33E315820E69FE6001331C7 /* PlaceMarker.swift */,
				C33E315420E69F9E001331C7 /* GoogleDataProvider.swift */,
				C33E315520E69F9E001331C7 /* GooglePlace.swift */,
				C33E683E20E80B9E002E23E6 /* PollingData.swift */,
			);
			path = Model;
			sourceTree = "<group>";
		};
		C33E684020E815B1002E23E6 /* Image */ = {
			isa = PBXGroup;
			children = (
				C33E685920E82CCE002E23E6 /* Awami Muslim League Pakistan.png */,
				C33E685520E81A56002E23E6 /* Pakistan Muslim League(Z).jpg */,
				C33E685620E81A56002E23E6 /* National Peoples Party.png */,
				C33E685120E81825002E23E6 /* Muttahida Qaumi Movement Pakistan.jpg */,
				C33E684F20E81825002E23E6 /* Jamiat Ulama-e-Islam (F).jpg */,
				C33E685020E81825002E23E6 /* Independent.jpg */,
				C33E684120E815B1002E23E6 /* Pakistan Tehreek-e-Insaf.jpg */,
				C33E684220E815B1002E23E6 /* Awami Jamhuri Ittehad Pakistan.jpg */,
				C33E684320E815B1002E23E6 /* Pakistan Peoples Party Parliamentarians.jpg */,
				C33E684420E815B1002E23E6 /* Pakistan Muslim League (N).jpg */,
				C33E684520E815B1002E23E6 /* Pashtoonkhwa Milli Awami Party.jpg */,
				C33E684620E815B1002E23E6 /* Pakistan Muslim League (F).jpg */,
			);
			path = Image;
			sourceTree = "<group>";
		};
		C33E685B20E8319D002E23E6 /* UI */ = {
			isa = PBXGroup;
			children = (
				C33E685E20E832E2002E23E6 /* buttonLeft.png */,
				C33E685F20E832E2002E23E6 /* buttonRight.png */,
			);
			path = UI;
			sourceTree = "<group>";
		};
		C3F72E1220E50A3C007D7F16 /* View Controllers */ = {
			isa = PBXGroup;
			children = (
				C311D39E20E1A39500F74AB1 /* ViewController.swift */,
				C3F5284A20E3DCD600FC9119 /* DetailViewController2.swift */,
			);
			path = "View Controllers";
			sourceTree = "<group>";
		};
/* End PBXGroup section */

/* Begin PBXNativeTarget section */
		C311D39820E1A39500F74AB1 /* Election App */ = {
			isa = PBXNativeTarget;
			buildConfigurationList = C311D3AB20E1A39500F74AB1 /* Build configuration list for PBXNativeTarget "Election App" */;
			buildPhases = (
				71E09BF9CB0B30BEFCB74E2D /* [CP] Check Pods Manifest.lock */,
				C311D39520E1A39500F74AB1 /* Sources */,
				C311D39620E1A39500F74AB1 /* Frameworks */,
				C311D39720E1A39500F74AB1 /* Resources */,
				BC2B34FE0E234FAF3C64CC18 /* [CP] Embed Pods Frameworks */,
				92B9C180A6D099DBEE896571 /* [CP] Copy Pods Resources */,
			);
			buildRules = (
			);
			dependencies = (
			);
			name = "Election App";
			productName = "Election App";
			productReference = C311D39920E1A39500F74AB1 /* Election App.app */;
			productType = "com.apple.product-type.application";
		};
/* End PBXNativeTarget section */

/* Begin PBXProject section */
		C311D39120E1A39500F74AB1 /* Project object */ = {
			isa = PBXProject;
			attributes = {
				LastSwiftUpdateCheck = 0920;
				LastUpgradeCheck = 0920;
				ORGANIZATIONNAME = Administrator;
				TargetAttributes = {
					C311D39820E1A39500F74AB1 = {
						CreatedOnToolsVersion = 9.2;
						ProvisioningStyle = Automatic;
					};
				};
			};
			buildConfigurationList = C311D39420E1A39500F74AB1 /* Build configuration list for PBXProject "Election App" */;
			compatibilityVersion = "Xcode 8.0";
			developmentRegion = en;
			hasScannedForEncodings = 0;
			knownRegions = (
				en,
				Base,
			);
			mainGroup = C311D39020E1A39500F74AB1;
			productRefGroup = C311D39A20E1A39500F74AB1 /* Products */;
			projectDirPath = "";
			projectRoot = "";
			targets = (
				C311D39820E1A39500F74AB1 /* Election App */,
			);
		};
/* End PBXProject section */

/* Begin PBXResourcesBuildPhase section */
		C311D39720E1A39500F74AB1 /* Resources */ = {
			isa = PBXResourcesBuildPhase;
			buildActionMask = 2147483647;
			files = (
				C311D3D620E1A39500F74AB1 /* PB.txt in Resources */,
				C311D3D520E1A39500F74AB1 /* PP.txt in Resources */,
				C33E685720E81A56002E23E6 /* Pakistan Muslim League(Z).jpg in Resources */,
				C33E684920E815B2002E23E6 /* Awami Jamhuri Ittehad Pakistan.jpg in Resources */,
				C33E686120E832E2002E23E6 /* buttonRight.png in Resources */,
				C33E684B20E815B2002E23E6 /* Pakistan Muslim League (N).jpg in Resources */,
				C33E684D20E815B2002E23E6 /* Pakistan Muslim League (F).jpg in Resources */,
				C33E685A20E82CCE002E23E6 /* Awami Muslim League Pakistan.png in Resources */,
				C311D3A720E1A39500F74AB1 /* LaunchScreen.storyboard in Resources */,
				C311D3AF20E1A39500F74AB1 /* GoogleService-Info.plist in Resources */,
				C33E685320E81825002E23E6 /* Independent.jpg in Resources */,
				C33E315D20E6BFFD001331C7 /* Assets.xcassets in Resources */,
				C311D3D220E1A39500F74AB1 /* NA - Addresses.txt in Resources */,
				C33E684A20E815B2002E23E6 /* Pakistan Peoples Party Parliamentarians.jpg in Resources */,
				C33E685420E81825002E23E6 /* Muttahida Qaumi Movement Pakistan.jpg in Resources */,
				C33E685220E81825002E23E6 /* Jamiat Ulama-e-Islam (F).jpg in Resources */,
				C311D3D120E1A39500F74AB1 /* National Assembly.txt in Resources */,
				C33E684C20E815B2002E23E6 /* Pashtoonkhwa Milli Awami Party.jpg in Resources */,
				C33E684820E815B2002E23E6 /* Pakistan Tehreek-e-Insaf.jpg in Resources */,
				C33E685820E81A56002E23E6 /* National Peoples Party.png in Resources */,
				C311D3D320E1A39500F74AB1 /* PK.txt in Resources */,
				C311D3A220E1A39500F74AB1 /* Main.storyboard in Resources */,
				C33E686020E832E2002E23E6 /* buttonLeft.png in Resources */,
				C311D3D420E1A39500F74AB1 /* PS.txt in Resources */,
			);
			runOnlyForDeploymentPostprocessing = 0;
		};
/* End PBXResourcesBuildPhase section */

/* Begin PBXShellScriptBuildPhase section */
		71E09BF9CB0B30BEFCB74E2D /* [CP] Check Pods Manifest.lock */ = {
			isa = PBXShellScriptBuildPhase;
			buildActionMask = 2147483647;
			files = (
			);
			inputPaths = (
				"${PODS_PODFILE_DIR_PATH}/Podfile.lock",
				"${PODS_ROOT}/Manifest.lock",
			);
			name = "[CP] Check Pods Manifest.lock";
			outputPaths = (
				"$(DERIVED_FILE_DIR)/Pods-Election App-checkManifestLockResult.txt",
			);
			runOnlyForDeploymentPostprocessing = 0;
			shellPath = /bin/sh;
			shellScript = "diff \"${PODS_PODFILE_DIR_PATH}/Podfile.lock\" \"${PODS_ROOT}/Manifest.lock\" > /dev/null\nif [ $? != 0 ] ; then\n    # print error to STDERR\n    echo \"error: The sandbox is not in sync with the Podfile.lock. Run 'pod install' or update your CocoaPods installation.\" >&2\n    exit 1\nfi\n# This output is used by Xcode 'outputs' to avoid re-running this script phase.\necho \"SUCCESS\" > \"${SCRIPT_OUTPUT_FILE_0}\"\n";
			showEnvVarsInLog = 0;
		};
		92B9C180A6D099DBEE896571 /* [CP] Copy Pods Resources */ = {
			isa = PBXShellScriptBuildPhase;
			buildActionMask = 2147483647;
			files = (
			);
			inputPaths = (
				"${SRCROOT}/Pods/Target Support Files/Pods-Election App/Pods-Election App-resources.sh",
				"${PODS_ROOT}/GoogleMaps/Maps/Frameworks/GoogleMaps.framework/Resources/GoogleMaps.bundle",
			);
			name = "[CP] Copy Pods Resources";
			outputPaths = (
				"${TARGET_BUILD_DIR}/${UNLOCALIZED_RESOURCES_FOLDER_PATH}/GoogleMaps.bundle",
			);
			runOnlyForDeploymentPostprocessing = 0;
			shellPath = /bin/sh;
			shellScript = "\"${SRCROOT}/Pods/Target Support Files/Pods-Election App/Pods-Election App-resources.sh\"\n";
			showEnvVarsInLog = 0;
		};
		BC2B34FE0E234FAF3C64CC18 /* [CP] Embed Pods Frameworks */ = {
			isa = PBXShellScriptBuildPhase;
			buildActionMask = 2147483647;
			files = (
			);
			inputPaths = (
				"${SRCROOT}/Pods/Target Support Files/Pods-Election App/Pods-Election App-frameworks.sh",
				"${BUILT_PRODUCTS_DIR}/GTMSessionFetcher/GTMSessionFetcher.framework",
				"${BUILT_PRODUCTS_DIR}/GoogleToolboxForMac/GoogleToolboxForMac.framework",
				"${BUILT_PRODUCTS_DIR}/SwiftyJSON/SwiftyJSON.framework",
				"${BUILT_PRODUCTS_DIR}/leveldb-library/leveldb.framework",
				"${BUILT_PRODUCTS_DIR}/nanopb/nanopb.framework",
			);
			name = "[CP] Embed Pods Frameworks";
			outputPaths = (
				"${TARGET_BUILD_DIR}/${FRAMEWORKS_FOLDER_PATH}/GTMSessionFetcher.framework",
				"${TARGET_BUILD_DIR}/${FRAMEWORKS_FOLDER_PATH}/GoogleToolboxForMac.framework",
				"${TARGET_BUILD_DIR}/${FRAMEWORKS_FOLDER_PATH}/SwiftyJSON.framework",
				"${TARGET_BUILD_DIR}/${FRAMEWORKS_FOLDER_PATH}/leveldb.framework",
				"${TARGET_BUILD_DIR}/${FRAMEWORKS_FOLDER_PATH}/nanopb.framework",
			);
			runOnlyForDeploymentPostprocessing = 0;
			shellPath = /bin/sh;
			shellScript = "\"${SRCROOT}/Pods/Target Support Files/Pods-Election App/Pods-Election App-frameworks.sh\"\n";
			showEnvVarsInLog = 0;
		};
/* End PBXShellScriptBuildPhase section */

/* Begin PBXSourcesBuildPhase section */
		C311D39520E1A39500F74AB1 /* Sources */ = {
			isa = PBXSourcesBuildPhase;
			buildActionMask = 2147483647;
			files = (
				C33E315620E69F9E001331C7 /* GoogleDataProvider.swift in Sources */,
				C33E315920E69FE6001331C7 /* PlaceMarker.swift in Sources */,
				C33E683F20E80B9E002E23E6 /* PollingData.swift in Sources */,
				C311D39F20E1A39500F74AB1 /* ViewController.swift in Sources */,
				C3F5284B20E3DCD600FC9119 /* DetailViewController2.swift in Sources */,
				C311D39D20E1A39500F74AB1 /* AppDelegate.swift in Sources */,
				C33E315720E69F9E001331C7 /* GooglePlace.swift in Sources */,
			);
			runOnlyForDeploymentPostprocessing = 0;
		};
/* End PBXSourcesBuildPhase section */

/* Begin PBXVariantGroup section */
		C311D3A020E1A39500F74AB1 /* Main.storyboard */ = {
			isa = PBXVariantGroup;
			children = (
				C311D3A120E1A39500F74AB1 /* Base */,
			);
			name = Main.storyboard;
			sourceTree = "<group>";
		};
		C311D3A520E1A39500F74AB1 /* LaunchScreen.storyboard */ = {
			isa = PBXVariantGroup;
			children = (
				C311D3A620E1A39500F74AB1 /* Base */,
			);
			name = LaunchScreen.storyboard;
			sourceTree = "<group>";
		};
/* End PBXVariantGroup section */

/* Begin XCBuildConfiguration section */
		C311D3A920E1A39500F74AB1 /* Debug */ = {
			isa = XCBuildConfiguration;
			buildSettings = {
				ALWAYS_SEARCH_USER_PATHS = NO;
				CLANG_ANALYZER_NONNULL = YES;
				CLANG_ANALYZER_NUMBER_OBJECT_CONVERSION = YES_AGGRESSIVE;
				CLANG_CXX_LANGUAGE_STANDARD = "gnu++14";
				CLANG_CXX_LIBRARY = "libc++";
				CLANG_ENABLE_MODULES = YES;
				CLANG_ENABLE_OBJC_ARC = YES;
				CLANG_WARN_BLOCK_CAPTURE_AUTORELEASING = YES;
				CLANG_WARN_BOOL_CONVERSION = YES;
				CLANG_WARN_COMMA = YES;
				CLANG_WARN_CONSTANT_CONVERSION = YES;
				CLANG_WARN_DIRECT_OBJC_ISA_USAGE = YES_ERROR;
				CLANG_WARN_DOCUMENTATION_COMMENTS = YES;
				CLANG_WARN_EMPTY_BODY = YES;
				CLANG_WARN_ENUM_CONVERSION = YES;
				CLANG_WARN_INFINITE_RECURSION = YES;
				CLANG_WARN_INT_CONVERSION = YES;
				CLANG_WARN_NON_LITERAL_NULL_CONVERSION = YES;
				CLANG_WARN_OBJC_LITERAL_CONVERSION = YES;
				CLANG_WARN_OBJC_ROOT_CLASS = YES_ERROR;
				CLANG_WARN_RANGE_LOOP_ANALYSIS = YES;
				CLANG_WARN_STRICT_PROTOTYPES = YES;
				CLANG_WARN_SUSPICIOUS_MOVE = YES;
				CLANG_WARN_UNGUARDED_AVAILABILITY = YES_AGGRESSIVE;
				CLANG_WARN_UNREACHABLE_CODE = YES;
				CLANG_WARN__DUPLICATE_METHOD_MATCH = YES;
				CODE_SIGN_IDENTITY = "iPhone Developer";
				COPY_PHASE_STRIP = NO;
				DEBUG_INFORMATION_FORMAT = dwarf;
				ENABLE_STRICT_OBJC_MSGSEND = YES;
				ENABLE_TESTABILITY = YES;
				GCC_C_LANGUAGE_STANDARD = gnu11;
				GCC_DYNAMIC_NO_PIC = NO;
				GCC_NO_COMMON_BLOCKS = YES;
				GCC_OPTIMIZATION_LEVEL = 0;
				GCC_PREPROCESSOR_DEFINITIONS = (
					"DEBUG=1",
					"$(inherited)",
				);
				GCC_WARN_64_TO_32_BIT_CONVERSION = YES;
				GCC_WARN_ABOUT_RETURN_TYPE = YES_ERROR;
				GCC_WARN_UNDECLARED_SELECTOR = YES;
				GCC_WARN_UNINITIALIZED_AUTOS = YES_AGGRESSIVE;
				GCC_WARN_UNUSED_FUNCTION = YES;
				GCC_WARN_UNUSED_VARIABLE = YES;
				IPHONEOS_DEPLOYMENT_TARGET = 11.2;
				MTL_ENABLE_DEBUG_INFO = YES;
				ONLY_ACTIVE_ARCH = YES;
				SDKROOT = iphoneos;
				SWIFT_ACTIVE_COMPILATION_CONDITIONS = DEBUG;
				SWIFT_OPTIMIZATION_LEVEL = "-Onone";
			};
			name = Debug;
		};
		C311D3AA20E1A39500F74AB1 /* Release */ = {
			isa = XCBuildConfiguration;
			buildSettings = {
				ALWAYS_SEARCH_USER_PATHS = NO;
				CLANG_ANALYZER_NONNULL = YES;
				CLANG_ANALYZER_NUMBER_OBJECT_CONVERSION = YES_AGGRESSIVE;
				CLANG_CXX_LANGUAGE_STANDARD = "gnu++14";
				CLANG_CXX_LIBRARY = "libc++";
				CLANG_ENABLE_MODULES = YES;
				CLANG_ENABLE_OBJC_ARC = YES;
				CLANG_WARN_BLOCK_CAPTURE_AUTORELEASING = YES;
				CLANG_WARN_BOOL_CONVERSION = YES;
				CLANG_WARN_COMMA = YES;
				CLANG_WARN_CONSTANT_CONVERSION = YES;
				CLANG_WARN_DIRECT_OBJC_ISA_USAGE = YES_ERROR;
				CLANG_WARN_DOCUMENTATION_COMMENTS = YES;
				CLANG_WARN_EMPTY_BODY = YES;
				CLANG_WARN_ENUM_CONVERSION = YES;
				CLANG_WARN_INFINITE_RECURSION = YES;
				CLANG_WARN_INT_CONVERSION = YES;
				CLANG_WARN_NON_LITERAL_NULL_CONVERSION = YES;
				CLANG_WARN_OBJC_LITERAL_CONVERSION = YES;
				CLANG_WARN_OBJC_ROOT_CLASS = YES_ERROR;
				CLANG_WARN_RANGE_LOOP_ANALYSIS = YES;
				CLANG_WARN_STRICT_PROTOTYPES = YES;
				CLANG_WARN_SUSPICIOUS_MOVE = YES;
				CLANG_WARN_UNGUARDED_AVAILABILITY = YES_AGGRESSIVE;
				CLANG_WARN_UNREACHABLE_CODE = YES;
				CLANG_WARN__DUPLICATE_METHOD_MATCH = YES;
				CODE_SIGN_IDENTITY = "iPhone Developer";
				COPY_PHASE_STRIP = NO;
				DEBUG_INFORMATION_FORMAT = "dwarf-with-dsym";
				ENABLE_NS_ASSERTIONS = NO;
				ENABLE_STRICT_OBJC_MSGSEND = YES;
				GCC_C_LANGUAGE_STANDARD = gnu11;
				GCC_NO_COMMON_BLOCKS = YES;
				GCC_WARN_64_TO_32_BIT_CONVERSION = YES;
				GCC_WARN_ABOUT_RETURN_TYPE = YES_ERROR;
				GCC_WARN_UNDECLARED_SELECTOR = YES;
				GCC_WARN_UNINITIALIZED_AUTOS = YES_AGGRESSIVE;
				GCC_WARN_UNUSED_FUNCTION = YES;
				GCC_WARN_UNUSED_VARIABLE = YES;
				IPHONEOS_DEPLOYMENT_TARGET = 11.2;
				MTL_ENABLE_DEBUG_INFO = NO;
				SDKROOT = iphoneos;
				SWIFT_OPTIMIZATION_LEVEL = "-Owholemodule";
				VALIDATE_PRODUCT = YES;
			};
			name = Release;
		};
		C311D3AC20E1A39500F74AB1 /* Debug */ = {
			isa = XCBuildConfiguration;
			baseConfigurationReference = 1018A8700A068EFF2CFF02AB /* Pods-Election App.debug.xcconfig */;
			buildSettings = {
				ASSETCATALOG_COMPILER_APPICON_NAME = AppIcon;
				CODE_SIGN_STYLE = Automatic;
				INFOPLIST_FILE = "Election App/Info.plist";
				LD_RUNPATH_SEARCH_PATHS = "$(inherited) @executable_path/Frameworks";
				PRODUCT_BUNDLE_IDENTIFIER = "Hamza.Election-App";
				PRODUCT_NAME = "$(TARGET_NAME)";
				SWIFT_VERSION = 4.0;
				TARGETED_DEVICE_FAMILY = "1,2";
			};
			name = Debug;
		};
		C311D3AD20E1A39500F74AB1 /* Release */ = {
			isa = XCBuildConfiguration;
			baseConfigurationReference = D0C442F6D899FA9DA2E53026 /* Pods-Election App.release.xcconfig */;
			buildSettings = {
				ASSETCATALOG_COMPILER_APPICON_NAME = AppIcon;
				CODE_SIGN_STYLE = Automatic;
				INFOPLIST_FILE = "Election App/Info.plist";
				LD_RUNPATH_SEARCH_PATHS = "$(inherited) @executable_path/Frameworks";
				PRODUCT_BUNDLE_IDENTIFIER = "Hamza.Election-App";
				PRODUCT_NAME = "$(TARGET_NAME)";
				SWIFT_VERSION = 4.0;
				TARGETED_DEVICE_FAMILY = "1,2";
			};
			name = Release;
		};
/* End XCBuildConfiguration section */

/* Begin XCConfigurationList section */
		C311D39420E1A39500F74AB1 /* Build configuration list for PBXProject "Election App" */ = {
			isa = XCConfigurationList;
			buildConfigurations = (
				C311D3A920E1A39500F74AB1 /* Debug */,
				C311D3AA20E1A39500F74AB1 /* Release */,
			);
			defaultConfigurationIsVisible = 0;
			defaultConfigurationName = Release;
		};
		C311D3AB20E1A39500F74AB1 /* Build configuration list for PBXNativeTarget "Election App" */ = {
			isa = XCConfigurationList;
			buildConfigurations = (
				C311D3AC20E1A39500F74AB1 /* Debug */,
				C311D3AD20E1A39500F74AB1 /* Release */,
			);
			defaultConfigurationIsVisible = 0;
			defaultConfigurationName = Release;
		};
/* End XCConfigurationList section */
	};
	rootObject = C311D39120E1A39500F74AB1 /* Project object */;
}
